
Microsoft Visual Studio Solution File, Format Version 12.00
# Visual Studio Version 16
VisualStudioVersion = 16.0.31019.35
MinimumVisualStudioVersion = 10.0.40219.1
Project("{2150E333-8FDC-42A3-9474-1A3956D46DE8}") = "src", "src", "{6B05EB6D-AEC6-44CF-82D5-771D88689B3D}"
EndProject
Project("{2150E333-8FDC-42A3-9474-1A3956D46DE8}") = "test", "test", "{A65A5118-F7AC-402F-8F42-0FCA39CE9CB9}"
EndProject
Project("{9A19103F-16F7-4668-BE54-9A1E7A4F7556}") = "Elmah.Io.Xamarin", "src\Elmah.Io.Xamarin\Elmah.Io.Xamarin.csproj", "{998FF837-976D-4B80-B9D9-83049BC4759A}"
EndProject
Project("{2150E333-8FDC-42A3-9474-1A3956D46DE8}") = "Solution Items", "Solution Items", "{C0D0A125-661F-463C-BC3D-D8E349A64961}"
	ProjectSection(SolutionItems) = preProject
		.github\workflows\build.yml = .github\workflows\build.yml
		README.md = README.md
	EndProjectSection
EndProject
Project("{2150E333-8FDC-42A3-9474-1A3956D46DE8}") = "samples", "samples", "{1D666B61-09D5-445B-ABB4-EE353426FEEC}"
EndProject
Project("{9A19103F-16F7-4668-BE54-9A1E7A4F7556}") = "Elmah.Io.Xamarin.Test", "test\Elmah.Io.Xamarin.Test\Elmah.Io.Xamarin.Test.csproj", "{5CE2F28F-7592-4AF4-9B60-792A4538BC6B}"
EndProject
Project("{FAE04EC0-301F-11D3-BF4B-00C04F79EFBC}") = "ElmahIo.Samples.XamarinAndroid", "samples\ElmahIo.Samples.XamarinAndroid\ElmahIo.Samples.XamarinAndroid.csproj", "{54298B50-BD93-4593-9199-785DE48C350D}"
EndProject
Project("{FAE04EC0-301F-11D3-BF4B-00C04F79EFBC}") = "ElmahIo.Samples.XamariniOS", "samples\ElmahIo.Samples.XamariniOS\ElmahIo.Samples.XamariniOS.csproj", "{DBCE1403-02C1-4935-A08A-36DF06DB71C9}"
EndProject
Project("{2150E333-8FDC-42A3-9474-1A3956D46DE8}") = "XamarinForms", "XamarinForms", "{92EE0246-FA11-47B0-B551-504B12194223}"
EndProject
Project("{9A19103F-16F7-4668-BE54-9A1E7A4F7556}") = "ElmahIo.Samples.XamarinForms", "samples\ElmahIo.Samples.XamarinForms\ElmahIo.Samples.XamarinForms\ElmahIo.Samples.XamarinForms.csproj", "{9A0504E0-EF66-4AE9-89C8-E794A500ADAE}"
EndProject
Project("{FAE04EC0-301F-11D3-BF4B-00C04F79EFBC}") = "ElmahIo.Samples.XamarinForms.Android", "samples\ElmahIo.Samples.XamarinForms\ElmahIo.Samples.XamarinForms.Android\ElmahIo.Samples.XamarinForms.Android.csproj", "{E97DF184-4700-414F-B888-544595C94560}"
EndProject
Project("{FAE04EC0-301F-11D3-BF4B-00C04F79EFBC}") = "ElmahIo.Samples.XamarinForms.iOS", "samples\ElmahIo.Samples.XamarinForms\ElmahIo.Samples.XamarinForms.iOS\ElmahIo.Samples.XamarinForms.iOS.csproj", "{534E471F-FADF-4ABA-BA96-5A93BFEDCE88}"
EndProject
Global
	GlobalSection(SolutionConfigurationPlatforms) = preSolution
		Debug|Any CPU = Debug|Any CPU
		Debug|iPhone = Debug|iPhone
		Debug|iPhoneSimulator = Debug|iPhoneSimulator
		Release|Any CPU = Release|Any CPU
		Release|iPhone = Release|iPhone
		Release|iPhoneSimulator = Release|iPhoneSimulator
	EndGlobalSection
	GlobalSection(ProjectConfigurationPlatforms) = postSolution
		{998FF837-976D-4B80-B9D9-83049BC4759A}.Debug|Any CPU.ActiveCfg = Debug|Any CPU
		{998FF837-976D-4B80-B9D9-83049BC4759A}.Debug|Any CPU.Build.0 = Debug|Any CPU
		{998FF837-976D-4B80-B9D9-83049BC4759A}.Debug|iPhone.ActiveCfg = Debug|Any CPU
		{998FF837-976D-4B80-B9D9-83049BC4759A}.Debug|iPhone.Build.0 = Debug|Any CPU
		{998FF837-976D-4B80-B9D9-83049BC4759A}.Debug|iPhoneSimulator.ActiveCfg = Debug|Any CPU
		{998FF837-976D-4B80-B9D9-83049BC4759A}.Debug|iPhoneSimulator.Build.0 = Debug|Any CPU
		{998FF837-976D-4B80-B9D9-83049BC4759A}.Release|Any CPU.ActiveCfg = Release|Any CPU
		{998FF837-976D-4B80-B9D9-83049BC4759A}.Release|Any CPU.Build.0 = Release|Any CPU
		{998FF837-976D-4B80-B9D9-83049BC4759A}.Release|iPhone.ActiveCfg = Release|Any CPU
		{998FF837-976D-4B80-B9D9-83049BC4759A}.Release|iPhone.Build.0 = Release|Any CPU
		{998FF837-976D-4B80-B9D9-83049BC4759A}.Release|iPhoneSimulator.ActiveCfg = Release|Any CPU
		{998FF837-976D-4B80-B9D9-83049BC4759A}.Release|iPhoneSimulator.Build.0 = Release|Any CPU
		{5CE2F28F-7592-4AF4-9B60-792A4538BC6B}.Debug|Any CPU.ActiveCfg = Debug|Any CPU
		{5CE2F28F-7592-4AF4-9B60-792A4538BC6B}.Debug|Any CPU.Build.0 = Debug|Any CPU
		{5CE2F28F-7592-4AF4-9B60-792A4538BC6B}.Debug|iPhone.ActiveCfg = Debug|Any CPU
		{5CE2F28F-7592-4AF4-9B60-792A4538BC6B}.Debug|iPhone.Build.0 = Debug|Any CPU
		{5CE2F28F-7592-4AF4-9B60-792A4538BC6B}.Debug|iPhoneSimulator.ActiveCfg = Debug|Any CPU
		{5CE2F28F-7592-4AF4-9B60-792A4538BC6B}.Debug|iPhoneSimulator.Build.0 = Debug|Any CPU
		{5CE2F28F-7592-4AF4-9B60-792A4538BC6B}.Release|Any CPU.ActiveCfg = Release|Any CPU
		{5CE2F28F-7592-4AF4-9B60-792A4538BC6B}.Release|Any CPU.Build.0 = Release|Any CPU
		{5CE2F28F-7592-4AF4-9B60-792A4538BC6B}.Release|iPhone.ActiveCfg = Release|Any CPU
		{5CE2F28F-7592-4AF4-9B60-792A4538BC6B}.Release|iPhone.Build.0 = Release|Any CPU
		{5CE2F28F-7592-4AF4-9B60-792A4538BC6B}.Release|iPhoneSimulator.ActiveCfg = Release|Any CPU
		{5CE2F28F-7592-4AF4-9B60-792A4538BC6B}.Release|iPhoneSimulator.Build.0 = Release|Any CPU
		{54298B50-BD93-4593-9199-785DE48C350D}.Debug|Any CPU.ActiveCfg = Debug|Any CPU
		{54298B50-BD93-4593-9199-785DE48C350D}.Debug|Any CPU.Build.0 = Debug|Any CPU
		{54298B50-BD93-4593-9199-785DE48C350D}.Debug|Any CPU.Deploy.0 = Debug|Any CPU
		{54298B50-BD93-4593-9199-785DE48C350D}.Debug|iPhone.ActiveCfg = Debug|Any CPU
		{54298B50-BD93-4593-9199-785DE48C350D}.Debug|iPhone.Build.0 = Debug|Any CPU
		{54298B50-BD93-4593-9199-785DE48C350D}.Debug|iPhone.Deploy.0 = Debug|Any CPU
		{54298B50-BD93-4593-9199-785DE48C350D}.Debug|iPhoneSimulator.ActiveCfg = Debug|Any CPU
		{54298B50-BD93-4593-9199-785DE48C350D}.Debug|iPhoneSimulator.Build.0 = Debug|Any CPU
		{54298B50-BD93-4593-9199-785DE48C350D}.Debug|iPhoneSimulator.Deploy.0 = Debug|Any CPU
		{54298B50-BD93-4593-9199-785DE48C350D}.Release|Any CPU.ActiveCfg = Release|Any CPU
		{54298B50-BD93-4593-9199-785DE48C350D}.Release|Any CPU.Build.0 = Release|Any CPU
		{54298B50-BD93-4593-9199-785DE48C350D}.Release|Any CPU.Deploy.0 = Release|Any CPU
		{54298B50-BD93-4593-9199-785DE48C350D}.Release|iPhone.ActiveCfg = Release|Any CPU
		{54298B50-BD93-4593-9199-785DE48C350D}.Release|iPhone.Build.0 = Release|Any CPU
		{54298B50-BD93-4593-9199-785DE48C350D}.Release|iPhone.Deploy.0 = Release|Any CPU
		{54298B50-BD93-4593-9199-785DE48C350D}.Release|iPhoneSimulator.ActiveCfg = Release|Any CPU
		{54298B50-BD93-4593-9199-785DE48C350D}.Release|iPhoneSimulator.Build.0 = Release|Any CPU
		{54298B50-BD93-4593-9199-785DE48C350D}.Release|iPhoneSimulator.Deploy.0 = Release|Any CPU
		{DBCE1403-02C1-4935-A08A-36DF06DB71C9}.Debug|Any CPU.ActiveCfg = Debug|iPhoneSimulator
		{DBCE1403-02C1-4935-A08A-36DF06DB71C9}.Debug|iPhone.ActiveCfg = Debug|iPhone
		{DBCE1403-02C1-4935-A08A-36DF06DB71C9}.Debug|iPhone.Build.0 = Debug|iPhone
		{DBCE1403-02C1-4935-A08A-36DF06DB71C9}.Debug|iPhoneSimulator.ActiveCfg = Debug|iPhoneSimulator
		{DBCE1403-02C1-4935-A08A-36DF06DB71C9}.Debug|iPhoneSimulator.Build.0 = Debug|iPhoneSimulator
		{DBCE1403-02C1-4935-A08A-36DF06DB71C9}.Release|Any CPU.ActiveCfg = Release|iPhoneSimulator
		{DBCE1403-02C1-4935-A08A-36DF06DB71C9}.Release|iPhone.ActiveCfg = Release|iPhone
		{DBCE1403-02C1-4935-A08A-36DF06DB71C9}.Release|iPhone.Build.0 = Release|iPhone
		{DBCE1403-02C1-4935-A08A-36DF06DB71C9}.Release|iPhoneSimulator.ActiveCfg = Release|iPhoneSimulator
		{DBCE1403-02C1-4935-A08A-36DF06DB71C9}.Release|iPhoneSimulator.Build.0 = Release|iPhoneSimulator
		{9A0504E0-EF66-4AE9-89C8-E794A500ADAE}.Debug|Any CPU.ActiveCfg = Debug|Any CPU
		{9A0504E0-EF66-4AE9-89C8-E794A500ADAE}.Debug|Any CPU.Build.0 = Debug|Any CPU
		{9A0504E0-EF66-4AE9-89C8-E794A500ADAE}.Debug|iPhone.ActiveCfg = Debug|Any CPU
		{9A0504E0-EF66-4AE9-89C8-E794A500ADAE}.Debug|iPhone.Build.0 = Debug|Any CPU
		{9A0504E0-EF66-4AE9-89C8-E794A500ADAE}.Debug|iPhoneSimulator.ActiveCfg = Debug|Any CPU
		{9A0504E0-EF66-4AE9-89C8-E794A500ADAE}.Debug|iPhoneSimulator.Build.0 = Debug|Any CPU
		{9A0504E0-EF66-4AE9-89C8-E794A500ADAE}.Release|Any CPU.ActiveCfg = Release|Any CPU
		{9A0504E0-EF66-4AE9-89C8-E794A500ADAE}.Release|Any CPU.Build.0 = Release|Any CPU
		{9A0504E0-EF66-4AE9-89C8-E794A500ADAE}.Release|iPhone.ActiveCfg = Release|Any CPU
		{9A0504E0-EF66-4AE9-89C8-E794A500ADAE}.Release|iPhone.Build.0 = Release|Any CPU
		{9A0504E0-EF66-4AE9-89C8-E794A500ADAE}.Release|iPhoneSimulator.ActiveCfg = Release|Any CPU
		{9A0504E0-EF66-4AE9-89C8-E794A500ADAE}.Release|iPhoneSimulator.Build.0 = Release|Any CPU
		{E97DF184-4700-414F-B888-544595C94560}.Debug|Any CPU.ActiveCfg = Debug|Any CPU
		{E97DF184-4700-414F-B888-544595C94560}.Debug|Any CPU.Build.0 = Debug|Any CPU
		{E97DF184-4700-414F-B888-544595C94560}.Debug|Any CPU.Deploy.0 = Debug|Any CPU
		{E97DF184-4700-414F-B888-544595C94560}.Debug|iPhone.ActiveCfg = Debug|Any CPU
		{E97DF184-4700-414F-B888-544595C94560}.Debug|iPhone.Build.0 = Debug|Any CPU
		{E97DF184-4700-414F-B888-544595C94560}.Debug|iPhone.Deploy.0 = Debug|Any CPU
		{E97DF184-4700-414F-B888-544595C94560}.Debug|iPhoneSimulator.ActiveCfg = Debug|Any CPU
		{E97DF184-4700-414F-B888-544595C94560}.Debug|iPhoneSimulator.Build.0 = Debug|Any CPU
		{E97DF184-4700-414F-B888-544595C94560}.Debug|iPhoneSimulator.Deploy.0 = Debug|Any CPU
		{E97DF184-4700-414F-B888-544595C94560}.Release|Any CPU.ActiveCfg = Release|Any CPU
		{E97DF184-4700-414F-B888-544595C94560}.Release|Any CPU.Build.0 = Release|Any CPU
		{E97DF184-4700-414F-B888-544595C94560}.Release|Any CPU.Deploy.0 = Release|Any CPU
		{E97DF184-4700-414F-B888-544595C94560}.Release|iPhone.ActiveCfg = Release|Any CPU
		{E97DF184-4700-414F-B888-544595C94560}.Release|iPhone.Build.0 = Release|Any CPU
		{E97DF184-4700-414F-B888-544595C94560}.Release|iPhone.Deploy.0 = Release|Any CPU
		{E97DF184-4700-414F-B888-544595C94560}.Release|iPhoneSimulator.ActiveCfg = Release|Any CPU
		{E97DF184-4700-414F-B888-544595C94560}.Release|iPhoneSimulator.Build.0 = Release|Any CPU
		{E97DF184-4700-414F-B888-544595C94560}.Release|iPhoneSimulator.Deploy.0 = Release|Any CPU
		{534E471F-FADF-4ABA-BA96-5A93BFEDCE88}.Debug|Any CPU.ActiveCfg = Debug|iPhoneSimulator
		{534E471F-FADF-4ABA-BA96-5A93BFEDCE88}.Debug|iPhone.ActiveCfg = Debug|iPhone
		{534E471F-FADF-4ABA-BA96-5A93BFEDCE88}.Debug|iPhone.Build.0 = Debug|iPhone
		{534E471F-FADF-4ABA-BA96-5A93BFEDCE88}.Debug|iPhoneSimulator.ActiveCfg = Debug|iPhoneSimulator
		{534E471F-FADF-4ABA-BA96-5A93BFEDCE88}.Debug|iPhoneSimulator.Build.0 = Debug|iPhoneSimulator
		{534E471F-FADF-4ABA-BA96-5A93BFEDCE88}.Release|Any CPU.ActiveCfg = Release|iPhoneSimulator
		{534E471F-FADF-4ABA-BA96-5A93BFEDCE88}.Release|iPhone.ActiveCfg = Release|iPhone
		{534E471F-FADF-4ABA-BA96-5A93BFEDCE88}.Release|iPhone.Build.0 = Release|iPhone
		{534E471F-FADF-4ABA-BA96-5A93BFEDCE88}.Release|iPhoneSimulator.ActiveCfg = Release|iPhoneSimulator
		{534E471F-FADF-4ABA-BA96-5A93BFEDCE88}.Release|iPhoneSimulator.Build.0 = Release|iPhoneSimulator
	EndGlobalSection
	GlobalSection(SolutionProperties) = preSolution
		HideSolutionNode = FALSE
	EndGlobalSection
	GlobalSection(NestedProjects) = preSolution
		{998FF837-976D-4B80-B9D9-83049BC4759A} = {6B05EB6D-AEC6-44CF-82D5-771D88689B3D}
		{5CE2F28F-7592-4AF4-9B60-792A4538BC6B} = {A65A5118-F7AC-402F-8F42-0FCA39CE9CB9}
		{54298B50-BD93-4593-9199-785DE48C350D} = {1D666B61-09D5-445B-ABB4-EE353426FEEC}
		{DBCE1403-02C1-4935-A08A-36DF06DB71C9} = {1D666B61-09D5-445B-ABB4-EE353426FEEC}
		{92EE0246-FA11-47B0-B551-504B12194223} = {1D666B61-09D5-445B-ABB4-EE353426FEEC}
		{9A0504E0-EF66-4AE9-89C8-E794A500ADAE} = {92EE0246-FA11-47B0-B551-504B12194223}
		{E97DF184-4700-414F-B888-544595C94560} = {92EE0246-FA11-47B0-B551-504B12194223}
		{534E471F-FADF-4ABA-BA96-5A93BFEDCE88} = {92EE0246-FA11-47B0-B551-504B12194223}
	EndGlobalSection
	GlobalSection(ExtensibilityGlobals) = postSolution
		SolutionGuid = {5B9F6EB7-1082-412D-8BEA-98D7CDDA5D9F}
	EndGlobalSection
EndGlobal
